// !$*UTF8*$!
{
	archiveVersion = 1;
	classes = {
	};
	objectVersion = 56;
	objects = {

/* Begin PBXBuildFile section */
		9FD2E20F2A1DED0000AD89CD /* AppDelegate.swift in Sources */ = {isa = PBXBuildFile; fileRef = 9FD2E20E2A1DED0000AD89CD /* AppDelegate.swift */; };
		9FD2E2112A1DED0000AD89CD /* SceneDelegate.swift in Sources */ = {isa = PBXBuildFile; fileRef = 9FD2E2102A1DED0000AD89CD /* SceneDelegate.swift */; };
		9FD2E2162A1DED0000AD89CD /* Main.storyboard in Resources */ = {isa = PBXBuildFile; fileRef = 9FD2E2142A1DED0000AD89CD /* Main.storyboard */; };
		9FD2E2182A1DED0100AD89CD /* Assets.xcassets in Resources */ = {isa = PBXBuildFile; fileRef = 9FD2E2172A1DED0100AD89CD /* Assets.xcassets */; };
		9FD2E21B2A1DED0100AD89CD /* LaunchScreen.storyboard in Resources */ = {isa = PBXBuildFile; fileRef = 9FD2E2192A1DED0100AD89CD /* LaunchScreen.storyboard */; };
		9FD2E2282A221DD600AD89CD /* TabBarController.swift in Sources */ = {isa = PBXBuildFile; fileRef = 9FD2E2272A221DD600AD89CD /* TabBarController.swift */; };
		9FD2E22A2A221E1900AD89CD /* CustomTableView.swift in Sources */ = {isa = PBXBuildFile; fileRef = 9FD2E2292A221E1900AD89CD /* CustomTableView.swift */; };
		9FD2E22C2A221E3700AD89CD /* MainModel.swift in Sources */ = {isa = PBXBuildFile; fileRef = 9FD2E22B2A221E3700AD89CD /* MainModel.swift */; };
		9FD2E22E2A221E5C00AD89CD /* NetworkManager.swift in Sources */ = {isa = PBXBuildFile; fileRef = 9FD2E22D2A221E5C00AD89CD /* NetworkManager.swift */; };
		9FD2E2302A221E8F00AD89CD /* MainViewController.swift in Sources */ = {isa = PBXBuildFile; fileRef = 9FD2E22F2A221E8F00AD89CD /* MainViewController.swift */; };
		9FD2E2322A221EAB00AD89CD /* MainViewModel.swift in Sources */ = {isa = PBXBuildFile; fileRef = 9FD2E2312A221EAB00AD89CD /* MainViewModel.swift */; };
		9FD2E2362A221ED400AD89CD /* Constants.swift in Sources */ = {isa = PBXBuildFile; fileRef = 9FD2E2352A221ED400AD89CD /* Constants.swift */; };
		9FD2E2382A2234D900AD89CD /* AuthViewController .swift in Sources */ = {isa = PBXBuildFile; fileRef = 9FD2E2372A2234D900AD89CD /* AuthViewController .swift */; };
		9FD2E23B2A278C6900AD89CD /* UserDefault.swift in Sources */ = {isa = PBXBuildFile; fileRef = 9FD2E23A2A278C6900AD89CD /* UserDefault.swift */; };
		9FD2E23E2A278CA400AD89CD /* KeyChain.swift in Sources */ = {isa = PBXBuildFile; fileRef = 9FD2E23D2A278CA400AD89CD /* KeyChain.swift */; };
		BA7901C3E757171427E4C5C3 /* Pods_DZ54R.framework in Frameworks */ = {isa = PBXBuildFile; fileRef = 016E291C48CEEAF1876A0587 /* Pods_DZ54R.framework */; };
/* End PBXBuildFile section */

/* Begin PBXFileReference section */
		016E291C48CEEAF1876A0587 /* Pods_DZ54R.framework */ = {isa = PBXFileReference; explicitFileType = wrapper.framework; includeInIndex = 0; path = Pods_DZ54R.framework; sourceTree = BUILT_PRODUCTS_DIR; };
		1FE3486614F06A1037C987D9 /* Pods-DZ54R.debug.xcconfig */ = {isa = PBXFileReference; includeInIndex = 1; lastKnownFileType = text.xcconfig; name = "Pods-DZ54R.debug.xcconfig"; path = "Target Support Files/Pods-DZ54R/Pods-DZ54R.debug.xcconfig"; sourceTree = "<group>"; };
		9FD2E20B2A1DED0000AD89CD /* DZ54R.app */ = {isa = PBXFileReference; explicitFileType = wrapper.application; includeInIndex = 0; path = DZ54R.app; sourceTree = BUILT_PRODUCTS_DIR; };
		9FD2E20E2A1DED0000AD89CD /* AppDelegate.swift */ = {isa = PBXFileReference; lastKnownFileType = sourcecode.swift; path = AppDelegate.swift; sourceTree = "<group>"; };
		9FD2E2102A1DED0000AD89CD /* SceneDelegate.swift */ = {isa = PBXFileReference; lastKnownFileType = sourcecode.swift; path = SceneDelegate.swift; sourceTree = "<group>"; };
		9FD2E2152A1DED0000AD89CD /* Base */ = {isa = PBXFileReference; lastKnownFileType = file.storyboard; name = Base; path = Base.lproj/Main.storyboard; sourceTree = "<group>"; };
		9FD2E2172A1DED0100AD89CD /* Assets.xcassets */ = {isa = PBXFileReference; lastKnownFileType = folder.assetcatalog; path = Assets.xcassets; sourceTree = "<group>"; };
		9FD2E21A2A1DED0100AD89CD /* Base */ = {isa = PBXFileReference; lastKnownFileType = file.storyboard; name = Base; path = Base.lproj/LaunchScreen.storyboard; sourceTree = "<group>"; };
		9FD2E21C2A1DED0100AD89CD /* Info.plist */ = {isa = PBXFileReference; lastKnownFileType = text.plist.xml; path = Info.plist; sourceTree = "<group>"; };
		9FD2E2272A221DD600AD89CD /* TabBarController.swift */ = {isa = PBXFileReference; lastKnownFileType = sourcecode.swift; path = TabBarController.swift; sourceTree = "<group>"; };
		9FD2E2292A221E1900AD89CD /* CustomTableView.swift */ = {isa = PBXFileReference; lastKnownFileType = sourcecode.swift; path = CustomTableView.swift; sourceTree = "<group>"; };
		9FD2E22B2A221E3700AD89CD /* MainModel.swift */ = {isa = PBXFileReference; lastKnownFileType = sourcecode.swift; path = MainModel.swift; sourceTree = "<group>"; };
		9FD2E22D2A221E5C00AD89CD /* NetworkManager.swift */ = {isa = PBXFileReference; lastKnownFileType = sourcecode.swift; path = NetworkManager.swift; sourceTree = "<group>"; };
		9FD2E22F2A221E8F00AD89CD /* MainViewController.swift */ = {isa = PBXFileReference; lastKnownFileType = sourcecode.swift; path = MainViewController.swift; sourceTree = "<group>"; };
		9FD2E2312A221EAB00AD89CD /* MainViewModel.swift */ = {isa = PBXFileReference; lastKnownFileType = sourcecode.swift; path = MainViewModel.swift; sourceTree = "<group>"; };
		9FD2E2352A221ED400AD89CD /* Constants.swift */ = {isa = PBXFileReference; lastKnownFileType = sourcecode.swift; path = Constants.swift; sourceTree = "<group>"; };
		9FD2E2372A2234D900AD89CD /* AuthViewController .swift */ = {isa = PBXFileReference; lastKnownFileType = sourcecode.swift; path = "AuthViewController .swift"; sourceTree = "<group>"; };
		9FD2E23A2A278C6900AD89CD /* UserDefault.swift */ = {isa = PBXFileReference; lastKnownFileType = sourcecode.swift; path = UserDefault.swift; sourceTree = "<group>"; };
		9FD2E23D2A278CA400AD89CD /* KeyChain.swift */ = {isa = PBXFileReference; lastKnownFileType = sourcecode.swift; path = KeyChain.swift; sourceTree = "<group>"; };
		A7F6FBE79E2D304B2E9DC6F3 /* Pods-DZ54R.release.xcconfig */ = {isa = PBXFileReference; includeInIndex = 1; lastKnownFileType = text.xcconfig; name = "Pods-DZ54R.release.xcconfig"; path = "Target Support Files/Pods-DZ54R/Pods-DZ54R.release.xcconfig"; sourceTree = "<group>"; };
/* End PBXFileReference section */

/* Begin PBXFrameworksBuildPhase section */
		9FD2E2082A1DED0000AD89CD /* Frameworks */ = {
			isa = PBXFrameworksBuildPhase;
			buildActionMask = 2147483647;
			files = (
				BA7901C3E757171427E4C5C3 /* Pods_DZ54R.framework in Frameworks */,
			);
			runOnlyForDeploymentPostprocessing = 0;
		};
/* End PBXFrameworksBuildPhase section */

/* Begin PBXGroup section */
		9FD2E2022A1DED0000AD89CD = {
			isa = PBXGroup;
			children = (
				9FD2E20D2A1DED0000AD89CD /* DZ54R */,
				9FD2E20C2A1DED0000AD89CD /* Products */,
				EE5952A7433B2F892BDC36A4 /* Pods */,
				D1267DE6D22804B93A7C2D3B /* Frameworks */,
			);
			sourceTree = "<group>";
		};
		9FD2E20C2A1DED0000AD89CD /* Products */ = {
			isa = PBXGroup;
			children = (
				9FD2E20B2A1DED0000AD89CD /* DZ54R.app */,
			);
			name = Products;
			sourceTree = "<group>";
		};
		9FD2E20D2A1DED0000AD89CD /* DZ54R */ = {
			isa = PBXGroup;
			children = (
				9FD2E23C2A278C7C00AD89CD /* Model */,
				9FD2E2262A221D1F00AD89CD /* UIComponents */,
				9FD2E2242A221D0100AD89CD /* MainPage */,
				9FD2E2232A221CF300AD89CD /* Resources */,
				9FD2E2222A221CD900AD89CD /* Application */,
				9FD2E21C2A1DED0100AD89CD /* Info.plist */,
			);
			path = DZ54R;
			sourceTree = "<group>";
		};
		9FD2E2222A221CD900AD89CD /* Application */ = {
			isa = PBXGroup;
			children = (
				9FD2E2102A1DED0000AD89CD /* SceneDelegate.swift */,
				9FD2E20E2A1DED0000AD89CD /* AppDelegate.swift */,
			);
			path = Application;
			sourceTree = "<group>";
		};
		9FD2E2232A221CF300AD89CD /* Resources */ = {
			isa = PBXGroup;
			children = (
				9FD2E2142A1DED0000AD89CD /* Main.storyboard */,
				9FD2E2172A1DED0100AD89CD /* Assets.xcassets */,
				9FD2E2192A1DED0100AD89CD /* LaunchScreen.storyboard */,
				9FD2E2352A221ED400AD89CD /* Constants.swift */,
			);
			path = Resources;
			sourceTree = "<group>";
		};
		9FD2E2242A221D0100AD89CD /* MainPage */ = {
			isa = PBXGroup;
			children = (
				9FD2E22F2A221E8F00AD89CD /* MainViewController.swift */,
				9FD2E2312A221EAB00AD89CD /* MainViewModel.swift */,
				9FD2E2372A2234D900AD89CD /* AuthViewController .swift */,
			);
			path = MainPage;
			sourceTree = "<group>";
		};
		9FD2E2252A221D1000AD89CD /* NetworkManager */ = {
			isa = PBXGroup;
			children = (
				9FD2E22B2A221E3700AD89CD /* MainModel.swift */,
				9FD2E22D2A221E5C00AD89CD /* NetworkManager.swift */,
			);
			path = NetworkManager;
			sourceTree = "<group>";
		};
		9FD2E2262A221D1F00AD89CD /* UIComponents */ = {
			isa = PBXGroup;
			children = (
				9FD2E2272A221DD600AD89CD /* TabBarController.swift */,
				9FD2E2292A221E1900AD89CD /* CustomTableView.swift */,
			);
			path = UIComponents;
			sourceTree = "<group>";
		};
		9FD2E23C2A278C7C00AD89CD /* Model */ = {
			isa = PBXGroup;
			children = (
				9FD2E23A2A278C6900AD89CD /* UserDefault.swift */,
				9FD2E23D2A278CA400AD89CD /* KeyChain.swift */,
				9FD2E2252A221D1000AD89CD /* NetworkManager */,
			);
			path = Model;
			sourceTree = "<group>";
		};
		D1267DE6D22804B93A7C2D3B /* Frameworks */ = {
			isa = PBXGroup;
			children = (
				016E291C48CEEAF1876A0587 /* Pods_DZ54R.framework */,
			);
			name = Frameworks;
			sourceTree = "<group>";
		};
		EE5952A7433B2F892BDC36A4 /* Pods */ = {
			isa = PBXGroup;
			children = (
				1FE3486614F06A1037C987D9 /* Pods-DZ54R.debug.xcconfig */,
				A7F6FBE79E2D304B2E9DC6F3 /* Pods-DZ54R.release.xcconfig */,
			);
			path = Pods;
			sourceTree = "<group>";
		};
/* End PBXGroup section */

/* Begin PBXNativeTarget section */
		9FD2E20A2A1DED0000AD89CD /* DZ54R */ = {
			isa = PBXNativeTarget;
			buildConfigurationList = 9FD2E21F2A1DED0100AD89CD /* Build configuration list for PBXNativeTarget "DZ54R" */;
			buildPhases = (
				B01E6C2A689136A6E41FCBD3 /* [CP] Check Pods Manifest.lock */,
				9FD2E2072A1DED0000AD89CD /* Sources */,
				9FD2E2082A1DED0000AD89CD /* Frameworks */,
				9FD2E2092A1DED0000AD89CD /* Resources */,
				FCD27642B5F05B6B5B2543F1 /* [CP] Embed Pods Frameworks */,
			);
			buildRules = (
			);
			dependencies = (
			);
			name = DZ54R;
			productName = DZ54R;
			productReference = 9FD2E20B2A1DED0000AD89CD /* DZ54R.app */;
			productType = "com.apple.product-type.application";
		};
/* End PBXNativeTarget section */

/* Begin PBXProject section */
		9FD2E2032A1DED0000AD89CD /* Project object */ = {
			isa = PBXProject;
			attributes = {
				BuildIndependentTargetsInParallel = 1;
				LastSwiftUpdateCheck = 1410;
				LastUpgradeCheck = 1410;
				TargetAttributes = {
					9FD2E20A2A1DED0000AD89CD = {
						CreatedOnToolsVersion = 14.1;
					};
				};
			};
			buildConfigurationList = 9FD2E2062A1DED0000AD89CD /* Build configuration list for PBXProject "DZ54R" */;
			compatibilityVersion = "Xcode 14.0";
			developmentRegion = en;
			hasScannedForEncodings = 0;
			knownRegions = (
				en,
				Base,
			);
			mainGroup = 9FD2E2022A1DED0000AD89CD;
			productRefGroup = 9FD2E20C2A1DED0000AD89CD /* Products */;
			projectDirPath = "";
			projectRoot = "";
			targets = (
				9FD2E20A2A1DED0000AD89CD /* DZ54R */,
			);
		};
/* End PBXProject section */

/* Begin PBXResourcesBuildPhase section */
		9FD2E2092A1DED0000AD89CD /* Resources */ = {
			isa = PBXResourcesBuildPhase;
			buildActionMask = 2147483647;
			files = (
				9FD2E21B2A1DED0100AD89CD /* LaunchScreen.storyboard in Resources */,
				9FD2E2182A1DED0100AD89CD /* Assets.xcassets in Resources */,
				9FD2E2162A1DED0000AD89CD /* Main.storyboard in Resources */,
			);
			runOnlyForDeploymentPostprocessing = 0;
		};
/* End PBXResourcesBuildPhase section */

/* Begin PBXShellScriptBuildPhase section */
		B01E6C2A689136A6E41FCBD3 /* [CP] Check Pods Manifest.lock */ = {
			isa = PBXShellScriptBuildPhase;
			buildActionMask = 2147483647;
			files = (
			);
			inputFileListPaths = (
			);
			inputPaths = (
				"${PODS_PODFILE_DIR_PATH}/Podfile.lock",
				"${PODS_ROOT}/Manifest.lock",
			);
			name = "[CP] Check Pods Manifest.lock";
			outputFileListPaths = (
			);
			outputPaths = (
				"$(DERIVED_FILE_DIR)/Pods-DZ54R-checkManifestLockResult.txt",
			);
			runOnlyForDeploymentPostprocessing = 0;
			shellPath = /bin/sh;
			shellScript = "diff \"${PODS_PODFILE_DIR_PATH}/Podfile.lock\" \"${PODS_ROOT}/Manifest.lock\" > /dev/null\nif [ $? != 0 ] ; then\n    # print error to STDERR\n    echo \"error: The sandbox is not in sync with the Podfile.lock. Run 'pod install' or update your CocoaPods installation.\" >&2\n    exit 1\nfi\n# This output is used by Xcode 'outputs' to avoid re-running this script phase.\necho \"SUCCESS\" > \"${SCRIPT_OUTPUT_FILE_0}\"\n";
			showEnvVarsInLog = 0;
		};
		FCD27642B5F05B6B5B2543F1 /* [CP] Embed Pods Frameworks */ = {
			isa = PBXShellScriptBuildPhase;
			buildActionMask = 2147483647;
			files = (
			);
			inputFileListPaths = (
				"${PODS_ROOT}/Target Support Files/Pods-DZ54R/Pods-DZ54R-frameworks-${CONFIGURATION}-input-files.xcfilelist",
			);
			name = "[CP] Embed Pods Frameworks";
			outputFileListPaths = (
				"${PODS_ROOT}/Target Support Files/Pods-DZ54R/Pods-DZ54R-frameworks-${CONFIGURATION}-output-files.xcfilelist",
			);
			runOnlyForDeploymentPostprocessing = 0;
			shellPath = /bin/sh;
			shellScript = "\"${PODS_ROOT}/Target Support Files/Pods-DZ54R/Pods-DZ54R-frameworks.sh\"\n";
			showEnvVarsInLog = 0;
		};
/* End PBXShellScriptBuildPhase section */

/* Begin PBXSourcesBuildPhase section */
		9FD2E2072A1DED0000AD89CD /* Sources */ = {
			isa = PBXSourcesBuildPhase;
			buildActionMask = 2147483647;
			files = (
				9FD2E22A2A221E1900AD89CD /* CustomTableView.swift in Sources */,
				9FD2E23E2A278CA400AD89CD /* KeyChain.swift in Sources */,
				9FD2E22C2A221E3700AD89CD /* MainModel.swift in Sources */,
				9FD2E22E2A221E5C00AD89CD /* NetworkManager.swift in Sources */,
				9FD2E23B2A278C6900AD89CD /* UserDefault.swift in Sources */,
				9FD2E2282A221DD600AD89CD /* TabBarController.swift in Sources */,
				9FD2E2362A221ED400AD89CD /* Constants.swift in Sources */,
				9FD2E2382A2234D900AD89CD /* AuthViewController .swift in Sources */,
				9FD2E20F2A1DED0000AD89CD /* AppDelegate.swift in Sources */,
				9FD2E2112A1DED0000AD89CD /* SceneDelegate.swift in Sources */,
				9FD2E2302A221E8F00AD89CD /* MainViewController.swift in Sources */,
				9FD2E2322A221EAB00AD89CD /* MainViewModel.swift in Sources */,
			);
			runOnlyForDeploymentPostprocessing = 0;
		};
/* End PBXSourcesBuildPhase section */

/* Begin PBXVariantGroup section */
		9FD2E2142A1DED0000AD89CD /* Main.storyboard */ = {
			isa = PBXVariantGroup;
			children = (
				9FD2E2152A1DED0000AD89CD /* Base */,
			);
			name = Main.storyboard;
			sourceTree = "<group>";
		};
		9FD2E2192A1DED0100AD89CD /* LaunchScreen.storyboard */ = {
			isa = PBXVariantGroup;
			children = (
				9FD2E21A2A1DED0100AD89CD /* Base */,
			);
			name = LaunchScreen.storyboard;
			sourceTree = "<group>";
		};
/* End PBXVariantGroup section */

/* Begin XCBuildConfiguration section */
		9FD2E21D2A1DED0100AD89CD /* Debug */ = {
			isa = XCBuildConfiguration;
			buildSettings = {
				ALWAYS_SEARCH_USER_PATHS = NO;
				CLANG_ANALYZER_NONNULL = YES;
				CLANG_ANALYZER_NUMBER_OBJECT_CONVERSION = YES_AGGRESSIVE;
				CLANG_CXX_LANGUAGE_STANDARD = "gnu++20";
				CLANG_ENABLE_MODULES = YES;
				CLANG_ENABLE_OBJC_ARC = YES;
				CLANG_ENABLE_OBJC_WEAK = YES;
				CLANG_WARN_BLOCK_CAPTURE_AUTORELEASING = YES;
				CLANG_WARN_BOOL_CONVERSION = YES;
				CLANG_WARN_COMMA = YES;
				CLANG_WARN_CONSTANT_CONVERSION = YES;
				CLANG_WARN_DEPRECATED_OBJC_IMPLEMENTATIONS = YES;
				CLANG_WARN_DIRECT_OBJC_ISA_USAGE = YES_ERROR;
				CLANG_WARN_DOCUMENTATION_COMMENTS = YES;
				CLANG_WARN_EMPTY_BODY = YES;
				CLANG_WARN_ENUM_CONVERSION = YES;
				CLANG_WARN_INFINITE_RECURSION = YES;
				CLANG_WARN_INT_CONVERSION = YES;
				CLANG_WARN_NON_LITERAL_NULL_CONVERSION = YES;
				CLANG_WARN_OBJC_IMPLICIT_RETAIN_SELF = YES;
				CLANG_WARN_OBJC_LITERAL_CONVERSION = YES;
				CLANG_WARN_OBJC_ROOT_CLASS = YES_ERROR;
				CLANG_WARN_QUOTED_INCLUDE_IN_FRAMEWORK_HEADER = YES;
				CLANG_WARN_RANGE_LOOP_ANALYSIS = YES;
				CLANG_WARN_STRICT_PROTOTYPES = YES;
				CLANG_WARN_SUSPICIOUS_MOVE = YES;
				CLANG_WARN_UNGUARDED_AVAILABILITY = YES_AGGRESSIVE;
				CLANG_WARN_UNREACHABLE_CODE = YES;
				CLANG_WARN__DUPLICATE_METHOD_MATCH = YES;
				COPY_PHASE_STRIP = NO;
				DEBUG_INFORMATION_FORMAT = dwarf;
				ENABLE_STRICT_OBJC_MSGSEND = YES;
				ENABLE_TESTABILITY = YES;
				GCC_C_LANGUAGE_STANDARD = gnu11;
				GCC_DYNAMIC_NO_PIC = NO;
				GCC_NO_COMMON_BLOCKS = YES;
				GCC_OPTIMIZATION_LEVEL = 0;
				GCC_PREPROCESSOR_DEFINITIONS = (
					"DEBUG=1",
					"$(inherited)",
				);
				GCC_WARN_64_TO_32_BIT_CONVERSION = YES;
				GCC_WARN_ABOUT_RETURN_TYPE = YES_ERROR;
				GCC_WARN_UNDECLARED_SELECTOR = YES;
				GCC_WARN_UNINITIALIZED_AUTOS = YES_AGGRESSIVE;
				GCC_WARN_UNUSED_FUNCTION = YES;
				GCC_WARN_UNUSED_VARIABLE = YES;
				IPHONEOS_DEPLOYMENT_TARGET = 16.1;
				MTL_ENABLE_DEBUG_INFO = INCLUDE_SOURCE;
				MTL_FAST_MATH = YES;
				ONLY_ACTIVE_ARCH = YES;
				SDKROOT = iphoneos;
				SWIFT_ACTIVE_COMPILATION_CONDITIONS = DEBUG;
				SWIFT_OPTIMIZATION_LEVEL = "-Onone";
			};
			name = Debug;
		};
		9FD2E21E2A1DED0100AD89CD /* Release */ = {
			isa = XCBuildConfiguration;
			buildSettings = {
				ALWAYS_SEARCH_USER_PATHS = NO;
				CLANG_ANALYZER_NONNULL = YES;
				CLANG_ANALYZER_NUMBER_OBJECT_CONVERSION = YES_AGGRESSIVE;
				CLANG_CXX_LANGUAGE_STANDARD = "gnu++20";
				CLANG_ENABLE_MODULES = YES;
				CLANG_ENABLE_OBJC_ARC = YES;
				CLANG_ENABLE_OBJC_WEAK = YES;
				CLANG_WARN_BLOCK_CAPTURE_AUTORELEASING = YES;
				CLANG_WARN_BOOL_CONVERSION = YES;
				CLANG_WARN_COMMA = YES;
				CLANG_WARN_CONSTANT_CONVERSION = YES;
				CLANG_WARN_DEPRECATED_OBJC_IMPLEMENTATIONS = YES;
				CLANG_WARN_DIRECT_OBJC_ISA_USAGE = YES_ERROR;
				CLANG_WARN_DOCUMENTATION_COMMENTS = YES;
				CLANG_WARN_EMPTY_BODY = YES;
				CLANG_WARN_ENUM_CONVERSION = YES;
				CLANG_WARN_INFINITE_RECURSION = YES;
				CLANG_WARN_INT_CONVERSION = YES;
				CLANG_WARN_NON_LITERAL_NULL_CONVERSION = YES;
				CLANG_WARN_OBJC_IMPLICIT_RETAIN_SELF = YES;
				CLANG_WARN_OBJC_LITERAL_CONVERSION = YES;
				CLANG_WARN_OBJC_ROOT_CLASS = YES_ERROR;
				CLANG_WARN_QUOTED_INCLUDE_IN_FRAMEWORK_HEADER = YES;
				CLANG_WARN_RANGE_LOOP_ANALYSIS = YES;
				CLANG_WARN_STRICT_PROTOTYPES = YES;
				CLANG_WARN_SUSPICIOUS_MOVE = YES;
				CLANG_WARN_UNGUARDED_AVAILABILITY = YES_AGGRESSIVE;
				CLANG_WARN_UNREACHABLE_CODE = YES;
				CLANG_WARN__DUPLICATE_METHOD_MATCH = YES;
				COPY_PHASE_STRIP = NO;
				DEBUG_INFORMATION_FORMAT = "dwarf-with-dsym";
				ENABLE_NS_ASSERTIONS = NO;
				ENABLE_STRICT_OBJC_MSGSEND = YES;
				GCC_C_LANGUAGE_STANDARD = gnu11;
				GCC_NO_COMMON_BLOCKS = YES;
				GCC_WARN_64_TO_32_BIT_CONVERSION = YES;
				GCC_WARN_ABOUT_RETURN_TYPE = YES_ERROR;
				GCC_WARN_UNDECLARED_SELECTOR = YES;
				GCC_WARN_UNINITIALIZED_AUTOS = YES_AGGRESSIVE;
				GCC_WARN_UNUSED_FUNCTION = YES;
				GCC_WARN_UNUSED_VARIABLE = YES;
				IPHONEOS_DEPLOYMENT_TARGET = 16.1;
				MTL_ENABLE_DEBUG_INFO = NO;
				MTL_FAST_MATH = YES;
				SDKROOT = iphoneos;
				SWIFT_COMPILATION_MODE = wholemodule;
				SWIFT_OPTIMIZATION_LEVEL = "-O";
				VALIDATE_PRODUCT = YES;
			};
			name = Release;
		};
		9FD2E2202A1DED0100AD89CD /* Debug */ = {
			isa = XCBuildConfiguration;
			baseConfigurationReference = 1FE3486614F06A1037C987D9 /* Pods-DZ54R.debug.xcconfig */;
			buildSettings = {
				ASSETCATALOG_COMPILER_APPICON_NAME = AppIcon;
				ASSETCATALOG_COMPILER_GLOBAL_ACCENT_COLOR_NAME = AccentColor;
				CODE_SIGN_STYLE = Automatic;
				CURRENT_PROJECT_VERSION = 1;
				DEVELOPMENT_TEAM = KG957AS5UJ;
				GENERATE_INFOPLIST_FILE = YES;
				INFOPLIST_FILE = DZ54R/Info.plist;
				INFOPLIST_KEY_UIApplicationSupportsIndirectInputEvents = YES;
				INFOPLIST_KEY_UILaunchStoryboardName = LaunchScreen;
				INFOPLIST_KEY_UISupportedInterfaceOrientations_iPad = "UIInterfaceOrientationPortrait UIInterfaceOrientationPortraitUpsideDown UIInterfaceOrientationLandscapeLeft UIInterfaceOrientationLandscapeRight";
				INFOPLIST_KEY_UISupportedInterfaceOrientations_iPhone = "UIInterfaceOrientationPortrait UIInterfaceOrientationLandscapeLeft UIInterfaceOrientationLandscapeRight";
				LD_RUNPATH_SEARCH_PATHS = (
					"$(inherited)",
					"@executable_path/Frameworks",
				);
				MARKETING_VERSION = 1.0;
				PRODUCT_BUNDLE_IDENTIFIER = "-23.DZ54R";
				PRODUCT_NAME = "$(TARGET_NAME)";
				SWIFT_EMIT_LOC_STRINGS = YES;
				SWIFT_VERSION = 5.0;
				TARGETED_DEVICE_FAMILY = "1,2";
			};
			name = Debug;
		};
		9FD2E2212A1DED0100AD89CD /* Release */ = {
			isa = XCBuildConfiguration;
			baseConfigurationReference = A7F6FBE79E2D304B2E9DC6F3 /* Pods-DZ54R.release.xcconfig */;
			buildSettings = {
				ASSETCATALOG_COMPILER_APPICON_NAME = AppIcon;
				ASSETCATALOG_COMPILER_GLOBAL_ACCENT_COLOR_NAME = AccentColor;
				CODE_SIGN_STYLE = Automatic;
				CURRENT_PROJECT_VERSION = 1;
				DEVELOPMENT_TEAM = KG957AS5UJ;
				GENERATE_INFOPLIST_FILE = YES;
				INFOPLIST_FILE = DZ54R/Info.plist;
				INFOPLIST_KEY_UIApplicationSupportsIndirectInputEvents = YES;
				INFOPLIST_KEY_UILaunchStoryboardName = LaunchScreen;
				INFOPLIST_KEY_UISupportedInterfaceOrientations_iPad = "UIInterfaceOrientationPortrait UIInterfaceOrientationPortraitUpsideDown UIInterfaceOrientationLandscapeLeft UIInterfaceOrientationLandscapeRight";
				INFOPLIST_KEY_UISupportedInterfaceOrientations_iPhone = "UIInterfaceOrientationPortrait UIInterfaceOrientationLandscapeLeft UIInterfaceOrientationLandscapeRight";
				LD_RUNPATH_SEARCH_PATHS = (
					"$(inherited)",
					"@executable_path/Frameworks",
				);
				MARKETING_VERSION = 1.0;
				PRODUCT_BUNDLE_IDENTIFIER = "-23.DZ54R";
				PRODUCT_NAME = "$(TARGET_NAME)";
				SWIFT_EMIT_LOC_STRINGS = YES;
				SWIFT_VERSION = 5.0;
				TARGETED_DEVICE_FAMILY = "1,2";
			};
			name = Release;
		};
/* End XCBuildConfiguration section */

/* Begin XCConfigurationList section */
		9FD2E2062A1DED0000AD89CD /* Build configuration list for PBXProject "DZ54R" */ = {
			isa = XCConfigurationList;
			buildConfigurations = (
				9FD2E21D2A1DED0100AD89CD /* Debug */,
				9FD2E21E2A1DED0100AD89CD /* Release */,
			);
			defaultConfigurationIsVisible = 0;
			defaultConfigurationName = Release;
		};
		9FD2E21F2A1DED0100AD89CD /* Build configuration list for PBXNativeTarget "DZ54R" */ = {
			isa = XCConfigurationList;
			buildConfigurations = (
				9FD2E2202A1DED0100AD89CD /* Debug */,
				9FD2E2212A1DED0100AD89CD /* Release */,
			);
			defaultConfigurationIsVisible = 0;
			defaultConfigurationName = Release;
		};
/* End XCConfigurationList section */
	};
	rootObject = 9FD2E2032A1DED0000AD89CD /* Project object */;
}
